{
    "_readme": [
        "This file locks the dependencies of your project to a known state",
        "Read more about it at https://getcomposer.org/doc/01-basic-usage.md#installing-dependencies",
        "This file is @generated automatically"
    ],
    "content-hash": "5c80107521a0680d4c6e7f85ececfadb",
    "packages": [
        {
            "name": "dconco/phpspa",
            "version": "v1.1.5",
            "source": {
                "type": "git",
                "url": "https://github.com/dconco/phpspa.git",
                "reference": "807a0502615314606c9c85bde4549ca85d6e3fb2"
            },
            "dist": {
                "type": "zip",
                "url": "https://api.github.com/repos/dconco/phpspa/zipball/807a0502615314606c9c85bde4549ca85d6e3fb2",
                "reference": "807a0502615314606c9c85bde4549ca85d6e3fb2",
                "shasum": ""
            },
            "require": {
                "php": "^8.2"
            },
            "type": "library",
            "autoload": {
                "files": [
                    "app/core/Impl/Const/StateConstant.php",
                    "app/client/Component/Component.php",
                    "app/client/Http/Redirect.php"
                ],
                "psr-4": {
                    "phpSPA\\": "app/client/",
                    "phpSPA\\Core\\": "app/core/",
                    "phpSPA\\Exceptions\\": "app/exceptions/",
                    "phpSPA\\Interfaces\\": "app/interfaces/"
                }
            },
            "notification-url": "https://packagist.org/downloads/",
            "license": [
                "MIT"
            ],
            "authors": [
                {
                    "name": "Dave Conco",
                    "email": "concodave@gmail.com",
                    "homepage": "https://dconco.github.io",
                    "role": "Developer"
                }
            ],
            "description": "A lightweight, component-based PHP library for building Single Page Applications (SPAs) without relying on heavy frontend frameworks.",
            "keywords": [
                "SPA",
                "component-based",
                "component-library",
                "jsx",
                "php",
                "phpspa"
            ],
            "support": {
                "issues": "https://github.com/dconco/phpspa/issues",
                "source": "https://github.com/dconco/phpspa/tree/v1.1.5"
            },
            "time": "2025-08-20T16:48:58+00:00"
        }
    ],
    "packages-dev": [],
    "aliases": [],
    "minimum-stability": "stable",
    "stability-flags": {},
    "prefer-stable": false,
    "prefer-lowest": false,
    "platform": {},
    "platform-dev": {},
    "plugin-api-version": "2.6.0"
}
